# This file is automatically @generated by Cargo.
# It is not intended for manual editing.
[[package]]
name = "common_macros"
version = "0.1.1"
source = "registry+https://github.com/rust-lang/crates.io-index"

[[package]]
name = "nest"
version = "0.1.0"
dependencies = [
 "common_macros 0.1.1 (registry+https://github.com/rust-lang/crates.io-index)",
]

[metadata]
"checksum common_macros 0.1.1 (registry+https://github.com/rust-lang/crates.io-index)" = "f3f6d59c71e7dc3af60f0af9db32364d96a16e9310f3f5db2b55ed642162dd35"
